// !$*UTF8*$!
{
	archiveVersion = 1;
	classes = {
	};
	objectVersion = 46;
	objects = {

/* Begin PBXBuildFile section */
		82140B9C1999EC4600F7E696 /* PullUpView.xib in Resources */ = {isa = PBXBuildFile; fileRef = 82140B9B1999EC4600F7E696 /* PullUpView.xib */; };
		82140B9E1999EC7400F7E696 /* PullUpView.swift in Sources */ = {isa = PBXBuildFile; fileRef = 82140B9D1999EC7400F7E696 /* PullUpView.swift */; };
		82140BA01999F4A500F7E696 /* PullDownView.swift in Sources */ = {isa = PBXBuildFile; fileRef = 82140B9F1999F4A500F7E696 /* PullDownView.swift */; };
		82140BA21999F4BE00F7E696 /* PullDownView.xib in Resources */ = {isa = PBXBuildFile; fileRef = 82140BA11999F4BE00F7E696 /* PullDownView.xib */; };
		8241F9A31991EF7B0049D464 /* AppDelegate.swift in Sources */ = {isa = PBXBuildFile; fileRef = 8241F9A21991EF7B0049D464 /* AppDelegate.swift */; };
		8241F9A51991EF7B0049D464 /* KDNewsListController.swift in Sources */ = {isa = PBXBuildFile; fileRef = 8241F9A41991EF7B0049D464 /* KDNewsListController.swift */; };
		8241F9A81991EF7B0049D464 /* Main.storyboard in Resources */ = {isa = PBXBuildFile; fileRef = 8241F9A61991EF7B0049D464 /* Main.storyboard */; };
		8241F9AA1991EF7B0049D464 /* Images.xcassets in Resources */ = {isa = PBXBuildFile; fileRef = 8241F9A91991EF7B0049D464 /* Images.xcassets */; };
		8241F9C1199203CD0049D464 /* KDNewsListApi.swift in Sources */ = {isa = PBXBuildFile; fileRef = 8241F9C0199203CD0049D464 /* KDNewsListApi.swift */; };
		825A175E19921C1E00D696AD /* KDNewsDetailApi.swift in Sources */ = {isa = PBXBuildFile; fileRef = 825A175D19921C1E00D696AD /* KDNewsDetailApi.swift */; };
		825A176019921C8500D696AD /* KDNewsDetailController.swift in Sources */ = {isa = PBXBuildFile; fileRef = 825A175F19921C8500D696AD /* KDNewsDetailController.swift */; };
		828F603919938C1500BABC04 /* FileUtility.swift in Sources */ = {isa = PBXBuildFile; fileRef = 828F603319938C1500BABC04 /* FileUtility.swift */; };
		828F603A19938C1500BABC04 /* NSDictionaryExt.swift in Sources */ = {isa = PBXBuildFile; fileRef = 828F603419938C1500BABC04 /* NSDictionaryExt.swift */; };
		828F603B19938C1500BABC04 /* NSStringExt.swift in Sources */ = {isa = PBXBuildFile; fileRef = 828F603519938C1500BABC04 /* NSStringExt.swift */; };
		828F603C19938C1500BABC04 /* UIImageViewWebExt.swift in Sources */ = {isa = PBXBuildFile; fileRef = 828F603619938C1500BABC04 /* UIImageViewWebExt.swift */; };
		828F603D19938C1500BABC04 /* UIViewExt.swift in Sources */ = {isa = PBXBuildFile; fileRef = 828F603719938C1500BABC04 /* UIViewExt.swift */; };
		828F603E19938C1500BABC04 /* YRHttpRequest.swift in Sources */ = {isa = PBXBuildFile; fileRef = 828F603819938C1500BABC04 /* YRHttpRequest.swift */; };
		829ECAEC19932B5400953D45 /* NewsCell.xib in Resources */ = {isa = PBXBuildFile; fileRef = 829ECAEB19932B5400953D45 /* NewsCell.xib */; };
		829ECAEE19932CB100953D45 /* NewsCell.swift in Sources */ = {isa = PBXBuildFile; fileRef = 829ECAED19932CB100953D45 /* NewsCell.swift */; };
/* End PBXBuildFile section */

/* Begin PBXFileReference section */
		82140B9B1999EC4600F7E696 /* PullUpView.xib */ = {isa = PBXFileReference; fileEncoding = 4; lastKnownFileType = file.xib; path = PullUpView.xib; sourceTree = "<group>"; };
		82140B9D1999EC7400F7E696 /* PullUpView.swift */ = {isa = PBXFileReference; fileEncoding = 4; lastKnownFileType = sourcecode.swift; path = PullUpView.swift; sourceTree = "<group>"; };
		82140B9F1999F4A500F7E696 /* PullDownView.swift */ = {isa = PBXFileReference; fileEncoding = 4; lastKnownFileType = sourcecode.swift; path = PullDownView.swift; sourceTree = "<group>"; };
		82140BA11999F4BE00F7E696 /* PullDownView.xib */ = {isa = PBXFileReference; fileEncoding = 4; lastKnownFileType = file.xib; path = PullDownView.xib; sourceTree = "<group>"; };
		8241F99D1991EF7B0049D464 /* KAD.app */ = {isa = PBXFileReference; explicitFileType = wrapper.application; includeInIndex = 0; path = KAD.app; sourceTree = BUILT_PRODUCTS_DIR; };
		8241F9A11991EF7B0049D464 /* Info.plist */ = {isa = PBXFileReference; lastKnownFileType = text.plist.xml; path = Info.plist; sourceTree = "<group>"; };
		8241F9A21991EF7B0049D464 /* AppDelegate.swift */ = {isa = PBXFileReference; lastKnownFileType = sourcecode.swift; path = AppDelegate.swift; sourceTree = "<group>"; };
		8241F9A41991EF7B0049D464 /* KDNewsListController.swift */ = {isa = PBXFileReference; lastKnownFileType = sourcecode.swift; path = KDNewsListController.swift; sourceTree = "<group>"; };
		8241F9A71991EF7B0049D464 /* Base */ = {isa = PBXFileReference; lastKnownFileType = file.storyboard; name = Base; path = Base.lproj/Main.storyboard; sourceTree = "<group>"; };
		8241F9A91991EF7B0049D464 /* Images.xcassets */ = {isa = PBXFileReference; lastKnownFileType = folder.assetcatalog; path = Images.xcassets; sourceTree = "<group>"; };
		8241F9C0199203CD0049D464 /* KDNewsListApi.swift */ = {isa = PBXFileReference; fileEncoding = 4; lastKnownFileType = sourcecode.swift; path = KDNewsListApi.swift; sourceTree = "<group>"; };
		825A175D19921C1E00D696AD /* KDNewsDetailApi.swift */ = {isa = PBXFileReference; fileEncoding = 4; lastKnownFileType = sourcecode.swift; path = KDNewsDetailApi.swift; sourceTree = "<group>"; };
		825A175F19921C8500D696AD /* KDNewsDetailController.swift */ = {isa = PBXFileReference; fileEncoding = 4; lastKnownFileType = sourcecode.swift; path = KDNewsDetailController.swift; sourceTree = "<group>"; };
		828F603319938C1500BABC04 /* FileUtility.swift */ = {isa = PBXFileReference; fileEncoding = 4; lastKnownFileType = sourcecode.swift; path = FileUtility.swift; sourceTree = "<group>"; };
		828F603419938C1500BABC04 /* NSDictionaryExt.swift */ = {isa = PBXFileReference; fileEncoding = 4; lastKnownFileType = sourcecode.swift; path = NSDictionaryExt.swift; sourceTree = "<group>"; };
		828F603519938C1500BABC04 /* NSStringExt.swift */ = {isa = PBXFileReference; fileEncoding = 4; lastKnownFileType = sourcecode.swift; path = NSStringExt.swift; sourceTree = "<group>"; };
		828F603619938C1500BABC04 /* UIImageViewWebExt.swift */ = {isa = PBXFileReference; fileEncoding = 4; lastKnownFileType = sourcecode.swift; path = UIImageViewWebExt.swift; sourceTree = "<group>"; };
		828F603719938C1500BABC04 /* UIViewExt.swift */ = {isa = PBXFileReference; fileEncoding = 4; lastKnownFileType = sourcecode.swift; path = UIViewExt.swift; sourceTree = "<group>"; };
		828F603819938C1500BABC04 /* YRHttpRequest.swift */ = {isa = PBXFileReference; fileEncoding = 4; lastKnownFileType = sourcecode.swift; path = YRHttpRequest.swift; sourceTree = "<group>"; };
		829ECAEB19932B5400953D45 /* NewsCell.xib */ = {isa = PBXFileReference; fileEncoding = 4; lastKnownFileType = file.xib; path = NewsCell.xib; sourceTree = "<group>"; };
		829ECAED19932CB100953D45 /* NewsCell.swift */ = {isa = PBXFileReference; fileEncoding = 4; lastKnownFileType = sourcecode.swift; path = NewsCell.swift; sourceTree = "<group>"; };
/* End PBXFileReference section */

/* Begin PBXFrameworksBuildPhase section */
		8241F99A1991EF7B0049D464 /* Frameworks */ = {
			isa = PBXFrameworksBuildPhase;
			buildActionMask = 2147483647;
			files = (
			);
			runOnlyForDeploymentPostprocessing = 0;
		};
/* End PBXFrameworksBuildPhase section */

/* Begin PBXGroup section */
		8241F9941991EF7A0049D464 = {
			isa = PBXGroup;
			children = (
				8241F99F1991EF7B0049D464 /* KAD */,
				8241F99E1991EF7B0049D464 /* Products */,
			);
			sourceTree = "<group>";
		};
		8241F99E1991EF7B0049D464 /* Products */ = {
			isa = PBXGroup;
			children = (
				8241F99D1991EF7B0049D464 /* KAD.app */,
			);
			name = Products;
			sourceTree = "<group>";
		};
		8241F99F1991EF7B0049D464 /* KAD */ = {
			isa = PBXGroup;
			children = (
				828F603219938C1500BABC04 /* Utility */,
				828F603019937A2D00BABC04 /* Resouce */,
				8241F9BF1991FBDE0049D464 /* API */,
				828F602F19937A0000BABC04 /* Model */,
				828F602E199379E000BABC04 /* ViewController */,
				8241F9A21991EF7B0049D464 /* AppDelegate.swift */,
				8241F9A61991EF7B0049D464 /* Main.storyboard */,
				8241F9A91991EF7B0049D464 /* Images.xcassets */,
				8241F9A01991EF7B0049D464 /* Supporting Files */,
			);
			path = KAD;
			sourceTree = "<group>";
		};
		8241F9A01991EF7B0049D464 /* Supporting Files */ = {
			isa = PBXGroup;
			children = (
				8241F9A11991EF7B0049D464 /* Info.plist */,
			);
			name = "Supporting Files";
			sourceTree = "<group>";
		};
		8241F9BF1991FBDE0049D464 /* API */ = {
			isa = PBXGroup;
			children = (
				825A175D19921C1E00D696AD /* KDNewsDetailApi.swift */,
				8241F9C0199203CD0049D464 /* KDNewsListApi.swift */,
			);
			name = API;
			sourceTree = "<group>";
		};
		828F602E199379E000BABC04 /* ViewController */ = {
			isa = PBXGroup;
			children = (
				8241F9A41991EF7B0049D464 /* KDNewsListController.swift */,
				825A175F19921C8500D696AD /* KDNewsDetailController.swift */,
			);
			name = ViewController;
			sourceTree = "<group>";
		};
		828F602F19937A0000BABC04 /* Model */ = {
			isa = PBXGroup;
			children = (
				829ECAEB19932B5400953D45 /* NewsCell.xib */,
				829ECAED19932CB100953D45 /* NewsCell.swift */,
				82140B9B1999EC4600F7E696 /* PullUpView.xib */,
				82140B9D1999EC7400F7E696 /* PullUpView.swift */,
				82140B9F1999F4A500F7E696 /* PullDownView.swift */,
				82140BA11999F4BE00F7E696 /* PullDownView.xib */,
			);
			name = Model;
			sourceTree = "<group>";
		};
		828F603019937A2D00BABC04 /* Resouce */ = {
			isa = PBXGroup;
			children = (
				828F603119937A4000BABC04 /* Images */,
			);
			name = Resouce;
			sourceTree = "<group>";
		};
		828F603119937A4000BABC04 /* Images */ = {
			isa = PBXGroup;
			children = (
			);
			name = Images;
			sourceTree = "<group>";
		};
		828F603219938C1500BABC04 /* Utility */ = {
			isa = PBXGroup;
			children = (
				828F603319938C1500BABC04 /* FileUtility.swift */,
				828F603419938C1500BABC04 /* NSDictionaryExt.swift */,
				828F603519938C1500BABC04 /* NSStringExt.swift */,
				828F603619938C1500BABC04 /* UIImageViewWebExt.swift */,
				828F603719938C1500BABC04 /* UIViewExt.swift */,
				828F603819938C1500BABC04 /* YRHttpRequest.swift */,
			);
			path = Utility;
			sourceTree = "<group>";
		};
/* End PBXGroup section */

/* Begin PBXNativeTarget section */
		8241F99C1991EF7B0049D464 /* KAD */ = {
			isa = PBXNativeTarget;
			buildConfigurationList = 8241F9B91991EF7C0049D464 /* Build configuration list for PBXNativeTarget "KAD" */;
			buildPhases = (
				8241F9991991EF7B0049D464 /* Sources */,
				8241F99A1991EF7B0049D464 /* Frameworks */,
				8241F99B1991EF7B0049D464 /* Resources */,
			);
			buildRules = (
			);
			dependencies = (
			);
			name = KAD;
			productName = KAD;
			productReference = 8241F99D1991EF7B0049D464 /* KAD.app */;
			productType = "com.apple.product-type.application";
		};
/* End PBXNativeTarget section */

/* Begin PBXProject section */
		8241F9951991EF7B0049D464 /* Project object */ = {
			isa = PBXProject;
			attributes = {
				LastUpgradeCheck = 0600;
				ORGANIZATIONNAME = GuChengFeng;
				TargetAttributes = {
					8241F99C1991EF7B0049D464 = {
						CreatedOnToolsVersion = 6.0;
					};
				};
			};
			buildConfigurationList = 8241F9981991EF7B0049D464 /* Build configuration list for PBXProject "KAD" */;
			compatibilityVersion = "Xcode 3.2";
			developmentRegion = English;
			hasScannedForEncodings = 0;
			knownRegions = (
				en,
				Base,
			);
			mainGroup = 8241F9941991EF7A0049D464;
			productRefGroup = 8241F99E1991EF7B0049D464 /* Products */;
			projectDirPath = "";
			projectRoot = "";
			targets = (
				8241F99C1991EF7B0049D464 /* KAD */,
			);
		};
/* End PBXProject section */

/* Begin PBXResourcesBuildPhase section */
		8241F99B1991EF7B0049D464 /* Resources */ = {
			isa = PBXResourcesBuildPhase;
			buildActionMask = 2147483647;
			files = (
				829ECAEC19932B5400953D45 /* NewsCell.xib in Resources */,
				8241F9A81991EF7B0049D464 /* Main.storyboard in Resources */,
				8241F9AA1991EF7B0049D464 /* Images.xcassets in Resources */,
				82140B9C1999EC4600F7E696 /* PullUpView.xib in Resources */,
				82140BA21999F4BE00F7E696 /* PullDownView.xib in Resources */,
			);
			runOnlyForDeploymentPostprocessing = 0;
		};
/* End PBXResourcesBuildPhase section */

/* Begin PBXSourcesBuildPhase section */
		8241F9991991EF7B0049D464 /* Sources */ = {
			isa = PBXSourcesBuildPhase;
			buildActionMask = 2147483647;
			files = (
				828F603B19938C1500BABC04 /* NSStringExt.swift in Sources */,
				828F603A19938C1500BABC04 /* NSDictionaryExt.swift in Sources */,
				82140B9E1999EC7400F7E696 /* PullUpView.swift in Sources */,
				828F603E19938C1500BABC04 /* YRHttpRequest.swift in Sources */,
				825A176019921C8500D696AD /* KDNewsDetailController.swift in Sources */,
				8241F9A51991EF7B0049D464 /* KDNewsListController.swift in Sources */,
				825A175E19921C1E00D696AD /* KDNewsDetailApi.swift in Sources */,
				828F603D19938C1500BABC04 /* UIViewExt.swift in Sources */,
				828F603C19938C1500BABC04 /* UIImageViewWebExt.swift in Sources */,
				82140BA01999F4A500F7E696 /* PullDownView.swift in Sources */,
				8241F9C1199203CD0049D464 /* KDNewsListApi.swift in Sources */,
				829ECAEE19932CB100953D45 /* NewsCell.swift in Sources */,
				8241F9A31991EF7B0049D464 /* AppDelegate.swift in Sources */,
				828F603919938C1500BABC04 /* FileUtility.swift in Sources */,
			);
			runOnlyForDeploymentPostprocessing = 0;
		};
/* End PBXSourcesBuildPhase section */

/* Begin PBXVariantGroup section */
		8241F9A61991EF7B0049D464 /* Main.storyboard */ = {
			isa = PBXVariantGroup;
			children = (
				8241F9A71991EF7B0049D464 /* Base */,
			);
			name = Main.storyboard;
			sourceTree = "<group>";
		};
/* End PBXVariantGroup section */

/* Begin XCBuildConfiguration section */
		8241F9B71991EF7C0049D464 /* Debug */ = {
			isa = XCBuildConfiguration;
			buildSettings = {
				ALWAYS_SEARCH_USER_PATHS = NO;
				CLANG_CXX_LANGUAGE_STANDARD = "gnu++0x";
				CLANG_CXX_LIBRARY = "libc++";
				CLANG_ENABLE_MODULES = YES;
				CLANG_ENABLE_OBJC_ARC = YES;
				CLANG_WARN_BOOL_CONVERSION = YES;
				CLANG_WARN_CONSTANT_CONVERSION = YES;
				CLANG_WARN_DIRECT_OBJC_ISA_USAGE = YES_ERROR;
				CLANG_WARN_EMPTY_BODY = YES;
				CLANG_WARN_ENUM_CONVERSION = YES;
				CLANG_WARN_INT_CONVERSION = YES;
				CLANG_WARN_OBJC_ROOT_CLASS = YES_ERROR;
				CLANG_WARN_UNREACHABLE_CODE = YES;
				CLANG_WARN__DUPLICATE_METHOD_MATCH = YES;
				"CODE_SIGN_IDENTITY[sdk=iphoneos*]" = "iPhone Developer";
				COPY_PHASE_STRIP = NO;
				ENABLE_STRICT_OBJC_MSGSEND = YES;
				GCC_C_LANGUAGE_STANDARD = gnu99;
				GCC_DYNAMIC_NO_PIC = NO;
				GCC_OPTIMIZATION_LEVEL = 0;
				GCC_PREPROCESSOR_DEFINITIONS = (
					"DEBUG=1",
					"$(inherited)",
				);
				GCC_SYMBOLS_PRIVATE_EXTERN = NO;
				GCC_WARN_64_TO_32_BIT_CONVERSION = YES;
				GCC_WARN_ABOUT_RETURN_TYPE = YES_ERROR;
				GCC_WARN_UNDECLARED_SELECTOR = YES;
				GCC_WARN_UNINITIALIZED_AUTOS = YES_AGGRESSIVE;
				GCC_WARN_UNUSED_FUNCTION = YES;
				GCC_WARN_UNUSED_VARIABLE = YES;
				IPHONEOS_DEPLOYMENT_TARGET = 8.0;
				METAL_ENABLE_DEBUG_INFO = YES;
				ONLY_ACTIVE_ARCH = YES;
				SDKROOT = iphoneos;
				SWIFT_OPTIMIZATION_LEVEL = "-Onone";
			};
			name = Debug;
		};
		8241F9B81991EF7C0049D464 /* Release */ = {
			isa = XCBuildConfiguration;
			buildSettings = {
				ALWAYS_SEARCH_USER_PATHS = NO;
				CLANG_CXX_LANGUAGE_STANDARD = "gnu++0x";
				CLANG_CXX_LIBRARY = "libc++";
				CLANG_ENABLE_MODULES = YES;
				CLANG_ENABLE_OBJC_ARC = YES;
				CLANG_WARN_BOOL_CONVERSION = YES;
				CLANG_WARN_CONSTANT_CONVERSION = YES;
				CLANG_WARN_DIRECT_OBJC_ISA_USAGE = YES_ERROR;
				CLANG_WARN_EMPTY_BODY = YES;
				CLANG_WARN_ENUM_CONVERSION = YES;
				CLANG_WARN_INT_CONVERSION = YES;
				CLANG_WARN_OBJC_ROOT_CLASS = YES_ERROR;
				CLANG_WARN_UNREACHABLE_CODE = YES;
				CLANG_WARN__DUPLICATE_METHOD_MATCH = YES;
				"CODE_SIGN_IDENTITY[sdk=iphoneos*]" = "iPhone Developer";
				COPY_PHASE_STRIP = YES;
				ENABLE_NS_ASSERTIONS = NO;
				ENABLE_STRICT_OBJC_MSGSEND = YES;
				GCC_C_LANGUAGE_STANDARD = gnu99;
				GCC_WARN_64_TO_32_BIT_CONVERSION = YES;
				GCC_WARN_ABOUT_RETURN_TYPE = YES_ERROR;
				GCC_WARN_UNDECLARED_SELECTOR = YES;
				GCC_WARN_UNINITIALIZED_AUTOS = YES_AGGRESSIVE;
				GCC_WARN_UNUSED_FUNCTION = YES;
				GCC_WARN_UNUSED_VARIABLE = YES;
				IPHONEOS_DEPLOYMENT_TARGET = 8.0;
				METAL_ENABLE_DEBUG_INFO = NO;
				SDKROOT = iphoneos;
				VALIDATE_PRODUCT = YES;
			};
			name = Release;
		};
		8241F9BA1991EF7C0049D464 /* Debug */ = {
			isa = XCBuildConfiguration;
			buildSettings = {
				ASSETCATALOG_COMPILER_APPICON_NAME = AppIcon;
				ASSETCATALOG_COMPILER_LAUNCHIMAGE_NAME = LaunchImage;
				INFOPLIST_FILE = KAD/Info.plist;
				LD_RUNPATH_SEARCH_PATHS = "$(inherited) @executable_path/Frameworks";
				PRODUCT_NAME = "$(TARGET_NAME)";
			};
			name = Debug;
		};
		8241F9BB1991EF7C0049D464 /* Release */ = {
			isa = XCBuildConfiguration;
			buildSettings = {
				ASSETCATALOG_COMPILER_APPICON_NAME = AppIcon;
				ASSETCATALOG_COMPILER_LAUNCHIMAGE_NAME = LaunchImage;
				INFOPLIST_FILE = KAD/Info.plist;
				LD_RUNPATH_SEARCH_PATHS = "$(inherited) @executable_path/Frameworks";
				PRODUCT_NAME = "$(TARGET_NAME)";
			};
			name = Release;
		};
/* End XCBuildConfiguration section */

/* Begin XCConfigurationList section */
		8241F9981991EF7B0049D464 /* Build configuration list for PBXProject "KAD" */ = {
			isa = XCConfigurationList;
			buildConfigurations = (
				8241F9B71991EF7C0049D464 /* Debug */,
				8241F9B81991EF7C0049D464 /* Release */,
			);
			defaultConfigurationIsVisible = 0;
			defaultConfigurationName = Release;
		};
		8241F9B91991EF7C0049D464 /* Build configuration list for PBXNativeTarget "KAD" */ = {
			isa = XCConfigurationList;
			buildConfigurations = (
				8241F9BA1991EF7C0049D464 /* Debug */,
				8241F9BB1991EF7C0049D464 /* Release */,
			);
			defaultConfigurationIsVisible = 0;
			defaultConfigurationName = Release;
		};
/* End XCConfigurationList section */
	};
	rootObject = 8241F9951991EF7B0049D464 /* Project object */;
}
